// !$*UTF8*$!
{
	archiveVersion = 1;
	classes = {
	};
	objectVersion = 46;
	objects = {

/* Begin PBXBuildFile section */
		A1B153A01B803E0E00BF92DE /* main.m in Sources */ = {isa = PBXBuildFile; fileRef = A1B1539F1B803E0E00BF92DE /* main.m */; };
		A1B153A31B803E0E00BF92DE /* AppDelegate.m in Sources */ = {isa = PBXBuildFile; fileRef = A1B153A21B803E0E00BF92DE /* AppDelegate.m */; };
		A1B153A61B803E0E00BF92DE /* ViewController.m in Sources */ = {isa = PBXBuildFile; fileRef = A1B153A51B803E0E00BF92DE /* ViewController.m */; };
		A1B153A91B803E0E00BF92DE /* Main.storyboard in Resources */ = {isa = PBXBuildFile; fileRef = A1B153A71B803E0E00BF92DE /* Main.storyboard */; };
		A1B153AB1B803E0E00BF92DE /* Images.xcassets in Resources */ = {isa = PBXBuildFile; fileRef = A1B153AA1B803E0E00BF92DE /* Images.xcassets */; };
		A1B153AE1B803E0E00BF92DE /* LaunchScreen.xib in Resources */ = {isa = PBXBuildFile; fileRef = A1B153AC1B803E0E00BF92DE /* LaunchScreen.xib */; };
		A1B153BA1B803E0E00BF92DE /* ICMultipartFileTests.m in Sources */ = {isa = PBXBuildFile; fileRef = A1B153B91B803E0E00BF92DE /* ICMultipartFileTests.m */; };
		A1B153C51B803E4500BF92DE /* MultipartFile.m in Sources */ = {isa = PBXBuildFile; fileRef = A1B153C41B803E4500BF92DE /* MultipartFile.m */; };
		A1B153C81B803F7800BF92DE /* 0180300244.jpg in Resources */ = {isa = PBXBuildFile; fileRef = A1B153C71B803F7800BF92DE /* 0180300244.jpg */; };
/* End PBXBuildFile section */

/* Begin PBXContainerItemProxy section */
		A1B153B41B803E0E00BF92DE /* PBXContainerItemProxy */ = {
			isa = PBXContainerItemProxy;
			containerPortal = A1B153921B803E0E00BF92DE /* Project object */;
			proxyType = 1;
			remoteGlobalIDString = A1B153991B803E0E00BF92DE;
			remoteInfo = ICMultipartFile;
		};
/* End PBXContainerItemProxy section */

/* Begin PBXFileReference section */
		A1B1539A1B803E0E00BF92DE /* ICMultipartFile.app */ = {isa = PBXFileReference; explicitFileType = wrapper.application; includeInIndex = 0; path = ICMultipartFile.app; sourceTree = BUILT_PRODUCTS_DIR; };
		A1B1539E1B803E0E00BF92DE /* Info.plist */ = {isa = PBXFileReference; lastKnownFileType = text.plist.xml; path = Info.plist; sourceTree = "<group>"; };
		A1B1539F1B803E0E00BF92DE /* main.m */ = {isa = PBXFileReference; lastKnownFileType = sourcecode.c.objc; path = main.m; sourceTree = "<group>"; };
		A1B153A11B803E0E00BF92DE /* AppDelegate.h */ = {isa = PBXFileReference; lastKnownFileType = sourcecode.c.h; path = AppDelegate.h; sourceTree = "<group>"; };
		A1B153A21B803E0E00BF92DE /* AppDelegate.m */ = {isa = PBXFileReference; lastKnownFileType = sourcecode.c.objc; path = AppDelegate.m; sourceTree = "<group>"; };
		A1B153A41B803E0E00BF92DE /* ViewController.h */ = {isa = PBXFileReference; lastKnownFileType = sourcecode.c.h; path = ViewController.h; sourceTree = "<group>"; };
		A1B153A51B803E0E00BF92DE /* ViewController.m */ = {isa = PBXFileReference; lastKnownFileType = sourcecode.c.objc; path = ViewController.m; sourceTree = "<group>"; };
		A1B153A81B803E0E00BF92DE /* Base */ = {isa = PBXFileReference; lastKnownFileType = file.storyboard; name = Base; path = Base.lproj/Main.storyboard; sourceTree = "<group>"; };
		A1B153AA1B803E0E00BF92DE /* Images.xcassets */ = {isa = PBXFileReference; lastKnownFileType = folder.assetcatalog; path = Images.xcassets; sourceTree = "<group>"; };
		A1B153AD1B803E0E00BF92DE /* Base */ = {isa = PBXFileReference; lastKnownFileType = file.xib; name = Base; path = Base.lproj/LaunchScreen.xib; sourceTree = "<group>"; };
		A1B153B31B803E0E00BF92DE /* ICMultipartFileTests.xctest */ = {isa = PBXFileReference; explicitFileType = wrapper.cfbundle; includeInIndex = 0; path = ICMultipartFileTests.xctest; sourceTree = BUILT_PRODUCTS_DIR; };
		A1B153B81B803E0E00BF92DE /* Info.plist */ = {isa = PBXFileReference; lastKnownFileType = text.plist.xml; path = Info.plist; sourceTree = "<group>"; };
		A1B153B91B803E0E00BF92DE /* ICMultipartFileTests.m */ = {isa = PBXFileReference; lastKnownFileType = sourcecode.c.objc; path = ICMultipartFileTests.m; sourceTree = "<group>"; };
		A1B153C31B803E4500BF92DE /* MultipartFile.h */ = {isa = PBXFileReference; fileEncoding = 4; lastKnownFileType = sourcecode.c.h; path = MultipartFile.h; sourceTree = "<group>"; };
		A1B153C41B803E4500BF92DE /* MultipartFile.m */ = {isa = PBXFileReference; fileEncoding = 4; lastKnownFileType = sourcecode.c.objc; path = MultipartFile.m; sourceTree = "<group>"; };
		A1B153C71B803F7800BF92DE /* 0180300244.jpg */ = {isa = PBXFileReference; lastKnownFileType = image.jpeg; path = 0180300244.jpg; sourceTree = "<group>"; };
/* End PBXFileReference section */

/* Begin PBXFrameworksBuildPhase section */
		A1B153971B803E0E00BF92DE /* Frameworks */ = {
			isa = PBXFrameworksBuildPhase;
			buildActionMask = 2147483647;
			files = (
			);
			runOnlyForDeploymentPostprocessing = 0;
		};
		A1B153B01B803E0E00BF92DE /* Frameworks */ = {
			isa = PBXFrameworksBuildPhase;
			buildActionMask = 2147483647;
			files = (
			);
			runOnlyForDeploymentPostprocessing = 0;
		};
/* End PBXFrameworksBuildPhase section */

/* Begin PBXGroup section */
		A1B153911B803E0E00BF92DE = {
			isa = PBXGroup;
			children = (
				A1B1539C1B803E0E00BF92DE /* ICMultipartFile */,
				A1B153B61B803E0E00BF92DE /* ICMultipartFileTests */,
				A1B1539B1B803E0E00BF92DE /* Products */,
			);
			sourceTree = "<group>";
		};
		A1B1539B1B803E0E00BF92DE /* Products */ = {
			isa = PBXGroup;
			children = (
				A1B1539A1B803E0E00BF92DE /* ICMultipartFile.app */,
				A1B153B31B803E0E00BF92DE /* ICMultipartFileTests.xctest */,
			);
			name = Products;
			sourceTree = "<group>";
		};
		A1B1539C1B803E0E00BF92DE /* ICMultipartFile */ = {
			isa = PBXGroup;
			children = (
				A1B153C61B803E4F00BF92DE /* MultipartFile */,
				A1B153A11B803E0E00BF92DE /* AppDelegate.h */,
				A1B153A21B803E0E00BF92DE /* AppDelegate.m */,
				A1B153A41B803E0E00BF92DE /* ViewController.h */,
				A1B153A51B803E0E00BF92DE /* ViewController.m */,
				A1B153A71B803E0E00BF92DE /* Main.storyboard */,
				A1B153AA1B803E0E00BF92DE /* Images.xcassets */,
				A1B153AC1B803E0E00BF92DE /* LaunchScreen.xib */,
				A1B153C71B803F7800BF92DE /* 0180300244.jpg */,
				A1B1539D1B803E0E00BF92DE /* Supporting Files */,
			);
			path = ICMultipartFile;
			sourceTree = "<group>";
		};
		A1B1539D1B803E0E00BF92DE /* Supporting Files */ = {
			isa = PBXGroup;
			children = (
				A1B1539E1B803E0E00BF92DE /* Info.plist */,
				A1B1539F1B803E0E00BF92DE /* main.m */,
			);
			name = "Supporting Files";
			sourceTree = "<group>";
		};
		A1B153B61B803E0E00BF92DE /* ICMultipartFileTests */ = {
			isa = PBXGroup;
			children = (
				A1B153B91B803E0E00BF92DE /* ICMultipartFileTests.m */,
				A1B153B71B803E0E00BF92DE /* Supporting Files */,
			);
			path = ICMultipartFileTests;
			sourceTree = "<group>";
		};
		A1B153B71B803E0E00BF92DE /* Supporting Files */ = {
			isa = PBXGroup;
			children = (
				A1B153B81B803E0E00BF92DE /* Info.plist */,
			);
			name = "Supporting Files";
			sourceTree = "<group>";
		};
		A1B153C61B803E4F00BF92DE /* MultipartFile */ = {
			isa = PBXGroup;
			children = (
				A1B153C31B803E4500BF92DE /* MultipartFile.h */,
				A1B153C41B803E4500BF92DE /* MultipartFile.m */,
			);
			name = MultipartFile;
			sourceTree = "<group>";
		};
/* End PBXGroup section */

/* Begin PBXNativeTarget section */
		A1B153991B803E0E00BF92DE /* ICMultipartFile */ = {
			isa = PBXNativeTarget;
			buildConfigurationList = A1B153BD1B803E0E00BF92DE /* Build configuration list for PBXNativeTarget "ICMultipartFile" */;
			buildPhases = (
				A1B153961B803E0E00BF92DE /* Sources */,
				A1B153971B803E0E00BF92DE /* Frameworks */,
				A1B153981B803E0E00BF92DE /* Resources */,
			);
			buildRules = (
			);
			dependencies = (
			);
			name = ICMultipartFile;
			productName = ICMultipartFile;
			productReference = A1B1539A1B803E0E00BF92DE /* ICMultipartFile.app */;
			productType = "com.apple.product-type.application";
		};
		A1B153B21B803E0E00BF92DE /* ICMultipartFileTests */ = {
			isa = PBXNativeTarget;
			buildConfigurationList = A1B153C01B803E0E00BF92DE /* Build configuration list for PBXNativeTarget "ICMultipartFileTests" */;
			buildPhases = (
				A1B153AF1B803E0E00BF92DE /* Sources */,
				A1B153B01B803E0E00BF92DE /* Frameworks */,
				A1B153B11B803E0E00BF92DE /* Resources */,
			);
			buildRules = (
			);
			dependencies = (
				A1B153B51B803E0E00BF92DE /* PBXTargetDependency */,
			);
			name = ICMultipartFileTests;
			productName = ICMultipartFileTests;
			productReference = A1B153B31B803E0E00BF92DE /* ICMultipartFileTests.xctest */;
			productType = "com.apple.product-type.bundle.unit-test";
		};
/* End PBXNativeTarget section */

/* Begin PBXProject section */
		A1B153921B803E0E00BF92DE /* Project object */ = {
			isa = PBXProject;
			attributes = {
				LastUpgradeCheck = 0630;
				ORGANIZATIONNAME = "andy ";
				TargetAttributes = {
					A1B153991B803E0E00BF92DE = {
						CreatedOnToolsVersion = 6.3.1;
					};
					A1B153B21B803E0E00BF92DE = {
						CreatedOnToolsVersion = 6.3.1;
						TestTargetID = A1B153991B803E0E00BF92DE;
					};
				};
			};
			buildConfigurationList = A1B153951B803E0E00BF92DE /* Build configuration list for PBXProject "ICMultipartFile" */;
			compatibilityVersion = "Xcode 3.2";
			developmentRegion = English;
			hasScannedForEncodings = 0;
			knownRegions = (
				en,
				Base,
			);
			mainGroup = A1B153911B803E0E00BF92DE;
			productRefGroup = A1B1539B1B803E0E00BF92DE /* Products */;
			projectDirPath = "";
			projectRoot = "";
			targets = (
				A1B153991B803E0E00BF92DE /* ICMultipartFile */,
				A1B153B21B803E0E00BF92DE /* ICMultipartFileTests */,
			);
		};
/* End PBXProject section */

/* Begin PBXResourcesBuildPhase section */
		A1B153981B803E0E00BF92DE /* Resources */ = {
			isa = PBXResourcesBuildPhase;
			buildActionMask = 2147483647;
			files = (
				A1B153A91B803E0E00BF92DE /* Main.storyboard in Resources */,
				A1B153AE1B803E0E00BF92DE /* LaunchScreen.xib in Resources */,
				A1B153AB1B803E0E00BF92DE /* Images.xcassets in Resources */,
				A1B153C81B803F7800BF92DE /* 0180300244.jpg in Resources */,
			);
			runOnlyForDeploymentPostprocessing = 0;
		};
		A1B153B11B803E0E00BF92DE /* Resources */ = {
			isa = PBXResourcesBuildPhase;
			buildActionMask = 2147483647;
			files = (
			);
			runOnlyForDeploymentPostprocessing = 0;
		};
/* End PBXResourcesBuildPhase section */

/* Begin PBXSourcesBuildPhase section */
		A1B153961B803E0E00BF92DE /* Sources */ = {
			isa = PBXSourcesBuildPhase;
			buildActionMask = 2147483647;
			files = (
				A1B153C51B803E4500BF92DE /* MultipartFile.m in Sources */,
				A1B153A61B803E0E00BF92DE /* ViewController.m in Sources */,
				A1B153A31B803E0E00BF92DE /* AppDelegate.m in Sources */,
				A1B153A01B803E0E00BF92DE /* main.m in Sources */,
			);
			runOnlyForDeploymentPostprocessing = 0;
		};
		A1B153AF1B803E0E00BF92DE /* Sources */ = {
			isa = PBXSourcesBuildPhase;
			buildActionMask = 2147483647;
			files = (
				A1B153BA1B803E0E00BF92DE /* ICMultipartFileTests.m in Sources */,
			);
			runOnlyForDeploymentPostprocessing = 0;
		};
/* End PBXSourcesBuildPhase section */

/* Begin PBXTargetDependency section */
		A1B153B51B803E0E00BF92DE /* PBXTargetDependency */ = {
			isa = PBXTargetDependency;
			target = A1B153991B803E0E00BF92DE /* ICMultipartFile */;
			targetProxy = A1B153B41B803E0E00BF92DE /* PBXContainerItemProxy */;
		};
/* End PBXTargetDependency section */

/* Begin PBXVariantGroup section */
		A1B153A71B803E0E00BF92DE /* Main.storyboard */ = {
			isa = PBXVariantGroup;
			children = (
				A1B153A81B803E0E00BF92DE /* Base */,
			);
			name = Main.storyboard;
			sourceTree = "<group>";
		};
		A1B153AC1B803E0E00BF92DE /* LaunchScreen.xib */ = {
			isa = PBXVariantGroup;
			children = (
				A1B153AD1B803E0E00BF92DE /* Base */,
			);
			name = LaunchScreen.xib;
			sourceTree = "<group>";
		};
/* End PBXVariantGroup section */

/* Begin XCBuildConfiguration section */
		A1B153BB1B803E0E00BF92DE /* Debug */ = {
			isa = XCBuildConfiguration;
			buildSettings = {
				ALWAYS_SEARCH_USER_PATHS = NO;
				CLANG_CXX_LANGUAGE_STANDARD = "gnu++0x";
				CLANG_CXX_LIBRARY = "libc++";
				CLANG_ENABLE_MODULES = YES;
				CLANG_ENABLE_OBJC_ARC = YES;
				CLANG_WARN_BOOL_CONVERSION = YES;
				CLANG_WARN_CONSTANT_CONVERSION = YES;
				CLANG_WARN_DIRECT_OBJC_ISA_USAGE = YES_ERROR;
				CLANG_WARN_EMPTY_BODY = YES;
				CLANG_WARN_ENUM_CONVERSION = YES;
				CLANG_WARN_INT_CONVERSION = YES;
				CLANG_WARN_OBJC_ROOT_CLASS = YES_ERROR;
				CLANG_WARN_UNREACHABLE_CODE = YES;
				CLANG_WARN__DUPLICATE_METHOD_MATCH = YES;
				"CODE_SIGN_IDENTITY[sdk=iphoneos*]" = "iPhone Developer";
				COPY_PHASE_STRIP = NO;
				DEBUG_INFORMATION_FORMAT = "dwarf-with-dsym";
				ENABLE_STRICT_OBJC_MSGSEND = YES;
				GCC_C_LANGUAGE_STANDARD = gnu99;
				GCC_DYNAMIC_NO_PIC = NO;
				GCC_NO_COMMON_BLOCKS = YES;
				GCC_OPTIMIZATION_LEVEL = 0;
				GCC_PREPROCESSOR_DEFINITIONS = (
					"DEBUG=1",
					"$(inherited)",
				);
				GCC_SYMBOLS_PRIVATE_EXTERN = NO;
				GCC_WARN_64_TO_32_BIT_CONVERSION = YES;
				GCC_WARN_ABOUT_RETURN_TYPE = YES_ERROR;
				GCC_WARN_UNDECLARED_SELECTOR = YES;
				GCC_WARN_UNINITIALIZED_AUTOS = YES_AGGRESSIVE;
				GCC_WARN_UNUSED_FUNCTION = YES;
				GCC_WARN_UNUSED_VARIABLE = YES;
				IPHONEOS_DEPLOYMENT_TARGET = 8.3;
				MTL_ENABLE_DEBUG_INFO = YES;
				ONLY_ACTIVE_ARCH = YES;
				SDKROOT = iphoneos;
			};
			name = Debug;
		};
		A1B153BC1B803E0E00BF92DE /* Release */ = {
			isa = XCBuildConfiguration;
			buildSettings = {
				ALWAYS_SEARCH_USER_PATHS = NO;
				CLANG_CXX_LANGUAGE_STANDARD = "gnu++0x";
				CLANG_CXX_LIBRARY = "libc++";
				CLANG_ENABLE_MODULES = YES;
				CLANG_ENABLE_OBJC_ARC = YES;
				CLANG_WARN_BOOL_CONVERSION = YES;
				CLANG_WARN_CONSTANT_CONVERSION = YES;
				CLANG_WARN_DIRECT_OBJC_ISA_USAGE = YES_ERROR;
				CLANG_WARN_EMPTY_BODY = YES;
				CLANG_WARN_ENUM_CONVERSION = YES;
				CLANG_WARN_INT_CONVERSION = YES;
				CLANG_WARN_OBJC_ROOT_CLASS = YES_ERROR;
				CLANG_WARN_UNREACHABLE_CODE = YES;
				CLANG_WARN__DUPLICATE_METHOD_MATCH = YES;
				"CODE_SIGN_IDENTITY[sdk=iphoneos*]" = "iPhone Developer";
				COPY_PHASE_STRIP = NO;
				DEBUG_INFORMATION_FORMAT = "dwarf-with-dsym";
				ENABLE_NS_ASSERTIONS = NO;
				ENABLE_STRICT_OBJC_MSGSEND = YES;
				GCC_C_LANGUAGE_STANDARD = gnu99;
				GCC_NO_COMMON_BLOCKS = YES;
				GCC_WARN_64_TO_32_BIT_CONVERSION = YES;
				GCC_WARN_ABOUT_RETURN_TYPE = YES_ERROR;
				GCC_WARN_UNDECLARED_SELECTOR = YES;
				GCC_WARN_UNINITIALIZED_AUTOS = YES_AGGRESSIVE;
				GCC_WARN_UNUSED_FUNCTION = YES;
				GCC_WARN_UNUSED_VARIABLE = YES;
				IPHONEOS_DEPLOYMENT_TARGET = 8.3;
				MTL_ENABLE_DEBUG_INFO = NO;
				SDKROOT = iphoneos;
				VALIDATE_PRODUCT = YES;
			};
			name = Release;
		};
		A1B153BE1B803E0E00BF92DE /* Debug */ = {
			isa = XCBuildConfiguration;
			buildSettings = {
				ASSETCATALOG_COMPILER_APPICON_NAME = AppIcon;
				INFOPLIST_FILE = ICMultipartFile/Info.plist;
				LD_RUNPATH_SEARCH_PATHS = "$(inherited) @executable_path/Frameworks";
				PRODUCT_NAME = "$(TARGET_NAME)";
			};
			name = Debug;
		};
		A1B153BF1B803E0E00BF92DE /* Release */ = {
			isa = XCBuildConfiguration;
			buildSettings = {
				ASSETCATALOG_COMPILER_APPICON_NAME = AppIcon;
				INFOPLIST_FILE = ICMultipartFile/Info.plist;
				LD_RUNPATH_SEARCH_PATHS = "$(inherited) @executable_path/Frameworks";
				PRODUCT_NAME = "$(TARGET_NAME)";
			};
			name = Release;
		};
		A1B153C11B803E0E00BF92DE /* Debug */ = {
			isa = XCBuildConfiguration;
			buildSettings = {
				BUNDLE_LOADER = "$(TEST_HOST)";
				FRAMEWORK_SEARCH_PATHS = (
					"$(SDKROOT)/Developer/Library/Frameworks",
					"$(inherited)",
				);
				GCC_PREPROCESSOR_DEFINITIONS = (
					"DEBUG=1",
					"$(inherited)",
				);
				INFOPLIST_FILE = ICMultipartFileTests/Info.plist;
				LD_RUNPATH_SEARCH_PATHS = "$(inherited) @executable_path/Frameworks @loader_path/Frameworks";
				PRODUCT_NAME = "$(TARGET_NAME)";
				TEST_HOST = "$(BUILT_PRODUCTS_DIR)/ICMultipartFile.app/ICMultipartFile";
			};
			name = Debug;
		};
		A1B153C21B803E0E00BF92DE /* Release */ = {
			isa = XCBuildConfiguration;
			buildSettings = {
				BUNDLE_LOADER = "$(TEST_HOST)";
				FRAMEWORK_SEARCH_PATHS = (
					"$(SDKROOT)/Developer/Library/Frameworks",
					"$(inherited)",
				);
				INFOPLIST_FILE = ICMultipartFileTests/Info.plist;
				LD_RUNPATH_SEARCH_PATHS = "$(inherited) @executable_path/Frameworks @loader_path/Frameworks";
				PRODUCT_NAME = "$(TARGET_NAME)";
				TEST_HOST = "$(BUILT_PRODUCTS_DIR)/ICMultipartFile.app/ICMultipartFile";
			};
			name = Release;
		};
/* End XCBuildConfiguration section */

/* Begin XCConfigurationList section */
		A1B153951B803E0E00BF92DE /* Build configuration list for PBXProject "ICMultipartFile" */ = {
			isa = XCConfigurationList;
			buildConfigurations = (
				A1B153BB1B803E0E00BF92DE /* Debug */,
				A1B153BC1B803E0E00BF92DE /* Release */,
			);
			defaultConfigurationIsVisible = 0;
			defaultConfigurationName = Release;
		};
		A1B153BD1B803E0E00BF92DE /* Build configuration list for PBXNativeTarget "ICMultipartFile" */ = {
			isa = XCConfigurationList;
			buildConfigurations = (
				A1B153BE1B803E0E00BF92DE /* Debug */,
				A1B153BF1B803E0E00BF92DE /* Release */,
			);
			defaultConfigurationIsVisible = 0;
		};
		A1B153C01B803E0E00BF92DE /* Build configuration list for PBXNativeTarget "ICMultipartFileTests" */ = {
			isa = XCConfigurationList;
			buildConfigurations = (
				A1B153C11B803E0E00BF92DE /* Debug */,
				A1B153C21B803E0E00BF92DE /* Release */,
			);
			defaultConfigurationIsVisible = 0;
		};
/* End XCConfigurationList section */
	};
	rootObject = A1B153921B803E0E00BF92DE /* Project object */;
}
